
Microsoft Visual Studio Solution File, Format Version 12.00
# Visual Studio 15
VisualStudioVersion = 15.0.28010.2050
MinimumVisualStudioVersion = 10.0.40219.1
Project("{FAE04EC0-301F-11D3-BF4B-00C04F79EFBC}") = "inf calculator", "inf calculator\inf calculator.csproj", "{34352C41-6038-41B1-BA23-B82C378E2F7A}"
EndProject
Global
	GlobalSection(SolutionConfigurationPlatforms) = preSolution
		Debug|Any CPU = Debug|Any CPU
		Release|Any CPU = Release|Any CPU
	EndGlobalSection
	GlobalSection(ProjectConfigurationPlatforms) = postSolution
		{34352C41-6038-41B1-BA23-B82C378E2F7A}.Debug|Any CPU.ActiveCfg = Debug|Any CPU
		{34352C41-6038-41B1-BA23-B82C378E2F7A}.Debug|Any CPU.Build.0 = Debug|Any CPU
		{34352C41-6038-41B1-BA23-B82C378E2F7A}.Release|Any CPU.ActiveCfg = Release|Any CPU
		{34352C41-6038-41B1-BA23-B82C378E2F7A}.Release|Any CPU.Build.0 = Release|Any CPU
	EndGlobalSection
	GlobalSection(SolutionProperties) = preSolution
		HideSolutionNode = FALSE
	EndGlobalSection
	GlobalSection(ExtensibilityGlobals) = postSolution
		SolutionGuid = {02E16415-A937-41D6-8114-B998425AED0B}
	EndGlobalSection
EndGlobal
